
Microsoft Visual Studio Solution File, Format Version 12.00
# Visual Studio Version 16
VisualStudioVersion = 16.0.34031.81
MinimumVisualStudioVersion = 10.0.40219.1
Project("{FAE04EC0-301F-11D3-BF4B-00C04F79EFBC}") = "UserReg", "UserReg\UserReg.csproj", "{ECBB5295-99BD-448F-A6CD-B54784DDA262}"
EndProject
Global
	GlobalSection(SolutionConfigurationPlatforms) = preSolution
		Debug|Any CPU = Debug|Any CPU
		Release|Any CPU = Release|Any CPU
	EndGlobalSection
	GlobalSection(ProjectConfigurationPlatforms) = postSolution
		{ECBB5295-99BD-448F-A6CD-B54784DDA262}.Debug|Any CPU.ActiveCfg = Debug|Any CPU
		{ECBB5295-99BD-448F-A6CD-B54784DDA262}.Debug|Any CPU.Build.0 = Debug|Any CPU
		{ECBB5295-99BD-448F-A6CD-B54784DDA262}.Release|Any CPU.ActiveCfg = Release|Any CPU
		{ECBB5295-99BD-448F-A6CD-B54784DDA262}.Release|Any CPU.Build.0 = Release|Any CPU
	EndGlobalSection
	GlobalSection(SolutionProperties) = preSolution
		HideSolutionNode = FALSE
	EndGlobalSection
	GlobalSection(ExtensibilityGlobals) = postSolution
		SolutionGuid = {4C991DAE-C8BB-44B5-960E-F6C0B084B612}
	EndGlobalSection
EndGlobal
